
Microsoft Visual Studio Solution File, Format Version 12.00
# Visual Studio Version 17
VisualStudioVersion = 17.1.32328.378
MinimumVisualStudioVersion = 10.0.40219.1
Project("{9A19103F-16F7-4668-BE54-9A1E7A4F7556}") = "API Project", "API Project\API Project.csproj", "{56BA9DE9-D8B8-4994-ABB0-7DCEB4F5CF07}"
EndProject
Project("{9A19103F-16F7-4668-BE54-9A1E7A4F7556}") = "API Models", "API Models\API Models.csproj", "{73B89A43-C178-4A22-A9F6-84EF73C98CBC}"
EndProject
Project("{9A19103F-16F7-4668-BE54-9A1E7A4F7556}") = "CSV addon", "CSV addon\CSV addon.csproj", "{84ECC79C-47E2-40E4-938F-A0421C01FD9E}"
EndProject
Global
	GlobalSection(SolutionConfigurationPlatforms) = preSolution
		Debug|Any CPU = Debug|Any CPU
		Release|Any CPU = Release|Any CPU
	EndGlobalSection
	GlobalSection(ProjectConfigurationPlatforms) = postSolution
		{56BA9DE9-D8B8-4994-ABB0-7DCEB4F5CF07}.Debug|Any CPU.ActiveCfg = Debug|Any CPU
		{56BA9DE9-D8B8-4994-ABB0-7DCEB4F5CF07}.Debug|Any CPU.Build.0 = Debug|Any CPU
		{56BA9DE9-D8B8-4994-ABB0-7DCEB4F5CF07}.Release|Any CPU.ActiveCfg = Release|Any CPU
		{56BA9DE9-D8B8-4994-ABB0-7DCEB4F5CF07}.Release|Any CPU.Build.0 = Release|Any CPU
		{73B89A43-C178-4A22-A9F6-84EF73C98CBC}.Debug|Any CPU.ActiveCfg = Debug|Any CPU
		{73B89A43-C178-4A22-A9F6-84EF73C98CBC}.Debug|Any CPU.Build.0 = Debug|Any CPU
		{73B89A43-C178-4A22-A9F6-84EF73C98CBC}.Release|Any CPU.ActiveCfg = Release|Any CPU
		{73B89A43-C178-4A22-A9F6-84EF73C98CBC}.Release|Any CPU.Build.0 = Release|Any CPU
		{84ECC79C-47E2-40E4-938F-A0421C01FD9E}.Debug|Any CPU.ActiveCfg = Debug|Any CPU
		{84ECC79C-47E2-40E4-938F-A0421C01FD9E}.Debug|Any CPU.Build.0 = Debug|Any CPU
		{84ECC79C-47E2-40E4-938F-A0421C01FD9E}.Release|Any CPU.ActiveCfg = Release|Any CPU
		{84ECC79C-47E2-40E4-938F-A0421C01FD9E}.Release|Any CPU.Build.0 = Release|Any CPU
	EndGlobalSection
	GlobalSection(SolutionProperties) = preSolution
		HideSolutionNode = FALSE
	EndGlobalSection
	GlobalSection(ExtensibilityGlobals) = postSolution
		SolutionGuid = {AA9552D1-6C36-47F8-8A56-1081FC371D6E}
	EndGlobalSection
EndGlobal
